
Microsoft Visual Studio Solution File, Format Version 11.00
# Visual Studio 2010
Project("{8BC9CEB8-8B4A-11D0-8D11-00A0C91BC942}") = "markov", "markov.vcxproj", "{6AA0FD4D-8447-4328-8670-82A8C0235C4D}"
EndProject
Global
	GlobalSection(SolutionConfigurationPlatforms) = preSolution
		Debug|Win32 = Debug|Win32
		Release|Win32 = Release|Win32
	EndGlobalSection
	GlobalSection(ProjectConfigurationPlatforms) = postSolution
		{6AA0FD4D-8447-4328-8670-82A8C0235C4D}.Debug|Win32.ActiveCfg = Debug|Win32
		{6AA0FD4D-8447-4328-8670-82A8C0235C4D}.Debug|Win32.Build.0 = Debug|Win32
		{6AA0FD4D-8447-4328-8670-82A8C0235C4D}.Release|Win32.ActiveCfg = Release|Win32
		{6AA0FD4D-8447-4328-8670-82A8C0235C4D}.Release|Win32.Build.0 = Release|Win32
	EndGlobalSection
	GlobalSection(SolutionProperties) = preSolution
		HideSolutionNode = FALSE
	EndGlobalSection
EndGlobal
